
Microsoft Visual Studio Solution File, Format Version 12.00
# Visual Studio Version 16
VisualStudioVersion = 16.0.30523.141
MinimumVisualStudioVersion = 10.0.40219.1
Project("{FAE04EC0-301F-11D3-BF4B-00C04F79EFBC}") = "ListArraysBrannen", "ListArraysBrannen.csproj", "{EEE8AB82-0119-456B-A0C9-BB07FB3E81B3}"
EndProject
Global
	GlobalSection(SolutionConfigurationPlatforms) = preSolution
		Debug|Any CPU = Debug|Any CPU
		Release|Any CPU = Release|Any CPU
	EndGlobalSection
	GlobalSection(ProjectConfigurationPlatforms) = postSolution
		{EEE8AB82-0119-456B-A0C9-BB07FB3E81B3}.Debug|Any CPU.ActiveCfg = Debug|Any CPU
		{EEE8AB82-0119-456B-A0C9-BB07FB3E81B3}.Debug|Any CPU.Build.0 = Debug|Any CPU
		{EEE8AB82-0119-456B-A0C9-BB07FB3E81B3}.Release|Any CPU.ActiveCfg = Release|Any CPU
		{EEE8AB82-0119-456B-A0C9-BB07FB3E81B3}.Release|Any CPU.Build.0 = Release|Any CPU
	EndGlobalSection
	GlobalSection(SolutionProperties) = preSolution
		HideSolutionNode = FALSE
	EndGlobalSection
	GlobalSection(ExtensibilityGlobals) = postSolution
		SolutionGuid = {D04667AC-77C0-4798-90CF-A0BD7EA480FC}
	EndGlobalSection
EndGlobal
